// !$*UTF8*$!
{
	archiveVersion = 1;
	classes = {
	};
	objectVersion = 46;
	objects = {

/* Begin PBXBuildFile section */
		403C363F1C83F0D100DA58A1 /* AppDelegate.swift in Sources */ = {isa = PBXBuildFile; fileRef = 403C363E1C83F0D100DA58A1 /* AppDelegate.swift */; };
		403C36411C83F0D100DA58A1 /* ViewController.swift in Sources */ = {isa = PBXBuildFile; fileRef = 403C36401C83F0D100DA58A1 /* ViewController.swift */; };
		403C36441C83F0D100DA58A1 /* Main.storyboard in Resources */ = {isa = PBXBuildFile; fileRef = 403C36421C83F0D100DA58A1 /* Main.storyboard */; };
		403C36461C83F0D100DA58A1 /* Assets.xcassets in Resources */ = {isa = PBXBuildFile; fileRef = 403C36451C83F0D100DA58A1 /* Assets.xcassets */; };
		403C36491C83F0D100DA58A1 /* LaunchScreen.storyboard in Resources */ = {isa = PBXBuildFile; fileRef = 403C36471C83F0D100DA58A1 /* LaunchScreen.storyboard */; };
		403C36541C83F0D100DA58A1 /* AppStoreTests.swift in Sources */ = {isa = PBXBuildFile; fileRef = 403C36531C83F0D100DA58A1 /* AppStoreTests.swift */; };
		403C365F1C83F0D100DA58A1 /* AppStoreUITests.swift in Sources */ = {isa = PBXBuildFile; fileRef = 403C365E1C83F0D100DA58A1 /* AppStoreUITests.swift */; };
/* End PBXBuildFile section */

/* Begin PBXContainerItemProxy section */
		403C36501C83F0D100DA58A1 /* PBXContainerItemProxy */ = {
			isa = PBXContainerItemProxy;
			containerPortal = 403C36331C83F0D100DA58A1 /* Project object */;
			proxyType = 1;
			remoteGlobalIDString = 403C363A1C83F0D100DA58A1;
			remoteInfo = AppStore;
		};
		403C365B1C83F0D100DA58A1 /* PBXContainerItemProxy */ = {
			isa = PBXContainerItemProxy;
			containerPortal = 403C36331C83F0D100DA58A1 /* Project object */;
			proxyType = 1;
			remoteGlobalIDString = 403C363A1C83F0D100DA58A1;
			remoteInfo = AppStore;
		};
/* End PBXContainerItemProxy section */

/* Begin PBXFileReference section */
		403C363B1C83F0D100DA58A1 /* AppStore.app */ = {isa = PBXFileReference; explicitFileType = wrapper.application; includeInIndex = 0; path = AppStore.app; sourceTree = BUILT_PRODUCTS_DIR; };
		403C363E1C83F0D100DA58A1 /* AppDelegate.swift */ = {isa = PBXFileReference; lastKnownFileType = sourcecode.swift; path = AppDelegate.swift; sourceTree = "<group>"; };
		403C36401C83F0D100DA58A1 /* ViewController.swift */ = {isa = PBXFileReference; lastKnownFileType = sourcecode.swift; path = ViewController.swift; sourceTree = "<group>"; };
		403C36431C83F0D100DA58A1 /* Base */ = {isa = PBXFileReference; lastKnownFileType = file.storyboard; name = Base; path = Base.lproj/Main.storyboard; sourceTree = "<group>"; };
		403C36451C83F0D100DA58A1 /* Assets.xcassets */ = {isa = PBXFileReference; lastKnownFileType = folder.assetcatalog; path = Assets.xcassets; sourceTree = "<group>"; };
		403C36481C83F0D100DA58A1 /* Base */ = {isa = PBXFileReference; lastKnownFileType = file.storyboard; name = Base; path = Base.lproj/LaunchScreen.storyboard; sourceTree = "<group>"; };
		403C364A1C83F0D100DA58A1 /* Info.plist */ = {isa = PBXFileReference; lastKnownFileType = text.plist.xml; path = Info.plist; sourceTree = "<group>"; };
		403C364F1C83F0D100DA58A1 /* AppStoreTests.xctest */ = {isa = PBXFileReference; explicitFileType = wrapper.cfbundle; includeInIndex = 0; path = AppStoreTests.xctest; sourceTree = BUILT_PRODUCTS_DIR; };
		403C36531C83F0D100DA58A1 /* AppStoreTests.swift */ = {isa = PBXFileReference; lastKnownFileType = sourcecode.swift; path = AppStoreTests.swift; sourceTree = "<group>"; };
		403C36551C83F0D100DA58A1 /* Info.plist */ = {isa = PBXFileReference; lastKnownFileType = text.plist.xml; path = Info.plist; sourceTree = "<group>"; };
		403C365A1C83F0D100DA58A1 /* AppStoreUITests.xctest */ = {isa = PBXFileReference; explicitFileType = wrapper.cfbundle; includeInIndex = 0; path = AppStoreUITests.xctest; sourceTree = BUILT_PRODUCTS_DIR; };
		403C365E1C83F0D100DA58A1 /* AppStoreUITests.swift */ = {isa = PBXFileReference; lastKnownFileType = sourcecode.swift; path = AppStoreUITests.swift; sourceTree = "<group>"; };
		403C36601C83F0D100DA58A1 /* Info.plist */ = {isa = PBXFileReference; lastKnownFileType = text.plist.xml; path = Info.plist; sourceTree = "<group>"; };
/* End PBXFileReference section */

/* Begin PBXFrameworksBuildPhase section */
		403C36381C83F0D100DA58A1 /* Frameworks */ = {
			isa = PBXFrameworksBuildPhase;
			buildActionMask = 2147483647;
			files = (
			);
			runOnlyForDeploymentPostprocessing = 0;
		};
		403C364C1C83F0D100DA58A1 /* Frameworks */ = {
			isa = PBXFrameworksBuildPhase;
			buildActionMask = 2147483647;
			files = (
			);
			runOnlyForDeploymentPostprocessing = 0;
		};
		403C36571C83F0D100DA58A1 /* Frameworks */ = {
			isa = PBXFrameworksBuildPhase;
			buildActionMask = 2147483647;
			files = (
			);
			runOnlyForDeploymentPostprocessing = 0;
		};
/* End PBXFrameworksBuildPhase section */

/* Begin PBXGroup section */
		403C36321C83F0D100DA58A1 = {
			isa = PBXGroup;
			children = (
				403C363D1C83F0D100DA58A1 /* AppStore */,
				403C36521C83F0D100DA58A1 /* AppStoreTests */,
				403C365D1C83F0D100DA58A1 /* AppStoreUITests */,
				403C363C1C83F0D100DA58A1 /* Products */,
			);
			sourceTree = "<group>";
		};
		403C363C1C83F0D100DA58A1 /* Products */ = {
			isa = PBXGroup;
			children = (
				403C363B1C83F0D100DA58A1 /* AppStore.app */,
				403C364F1C83F0D100DA58A1 /* AppStoreTests.xctest */,
				403C365A1C83F0D100DA58A1 /* AppStoreUITests.xctest */,
			);
			name = Products;
			sourceTree = "<group>";
		};
		403C363D1C83F0D100DA58A1 /* AppStore */ = {
			isa = PBXGroup;
			children = (
				403C363E1C83F0D100DA58A1 /* AppDelegate.swift */,
				403C36401C83F0D100DA58A1 /* ViewController.swift */,
				403C36421C83F0D100DA58A1 /* Main.storyboard */,
				403C36451C83F0D100DA58A1 /* Assets.xcassets */,
				403C36471C83F0D100DA58A1 /* LaunchScreen.storyboard */,
				403C364A1C83F0D100DA58A1 /* Info.plist */,
			);
			path = AppStore;
			sourceTree = "<group>";
		};
		403C36521C83F0D100DA58A1 /* AppStoreTests */ = {
			isa = PBXGroup;
			children = (
				403C36531C83F0D100DA58A1 /* AppStoreTests.swift */,
				403C36551C83F0D100DA58A1 /* Info.plist */,
			);
			path = AppStoreTests;
			sourceTree = "<group>";
		};
		403C365D1C83F0D100DA58A1 /* AppStoreUITests */ = {
			isa = PBXGroup;
			children = (
				403C365E1C83F0D100DA58A1 /* AppStoreUITests.swift */,
				403C36601C83F0D100DA58A1 /* Info.plist */,
			);
			path = AppStoreUITests;
			sourceTree = "<group>";
		};
/* End PBXGroup section */

/* Begin PBXNativeTarget section */
		403C363A1C83F0D100DA58A1 /* AppStore */ = {
			isa = PBXNativeTarget;
			buildConfigurationList = 403C36631C83F0D100DA58A1 /* Build configuration list for PBXNativeTarget "AppStore" */;
			buildPhases = (
				403C36371C83F0D100DA58A1 /* Sources */,
				403C36381C83F0D100DA58A1 /* Frameworks */,
				403C36391C83F0D100DA58A1 /* Resources */,
			);
			buildRules = (
			);
			dependencies = (
			);
			name = AppStore;
			productName = AppStore;
			productReference = 403C363B1C83F0D100DA58A1 /* AppStore.app */;
			productType = "com.apple.product-type.application";
		};
		403C364E1C83F0D100DA58A1 /* AppStoreTests */ = {
			isa = PBXNativeTarget;
			buildConfigurationList = 403C36661C83F0D100DA58A1 /* Build configuration list for PBXNativeTarget "AppStoreTests" */;
			buildPhases = (
				403C364B1C83F0D100DA58A1 /* Sources */,
				403C364C1C83F0D100DA58A1 /* Frameworks */,
				403C364D1C83F0D100DA58A1 /* Resources */,
			);
			buildRules = (
			);
			dependencies = (
				403C36511C83F0D100DA58A1 /* PBXTargetDependency */,
			);
			name = AppStoreTests;
			productName = AppStoreTests;
			productReference = 403C364F1C83F0D100DA58A1 /* AppStoreTests.xctest */;
			productType = "com.apple.product-type.bundle.unit-test";
		};
		403C36591C83F0D100DA58A1 /* AppStoreUITests */ = {
			isa = PBXNativeTarget;
			buildConfigurationList = 403C36691C83F0D100DA58A1 /* Build configuration list for PBXNativeTarget "AppStoreUITests" */;
			buildPhases = (
				403C36561C83F0D100DA58A1 /* Sources */,
				403C36571C83F0D100DA58A1 /* Frameworks */,
				403C36581C83F0D100DA58A1 /* Resources */,
			);
			buildRules = (
			);
			dependencies = (
				403C365C1C83F0D100DA58A1 /* PBXTargetDependency */,
			);
			name = AppStoreUITests;
			productName = AppStoreUITests;
			productReference = 403C365A1C83F0D100DA58A1 /* AppStoreUITests.xctest */;
			productType = "com.apple.product-type.bundle.ui-testing";
		};
/* End PBXNativeTarget section */

/* Begin PBXProject section */
		403C36331C83F0D100DA58A1 /* Project object */ = {
			isa = PBXProject;
			attributes = {
				LastSwiftUpdateCheck = 0720;
				LastUpgradeCheck = 0720;
				ORGANIZATIONNAME = "臧其龙";
				TargetAttributes = {
					403C363A1C83F0D100DA58A1 = {
						CreatedOnToolsVersion = 7.2.1;
					};
					403C364E1C83F0D100DA58A1 = {
						CreatedOnToolsVersion = 7.2.1;
						TestTargetID = 403C363A1C83F0D100DA58A1;
					};
					403C36591C83F0D100DA58A1 = {
						CreatedOnToolsVersion = 7.2.1;
						TestTargetID = 403C363A1C83F0D100DA58A1;
					};
				};
			};
			buildConfigurationList = 403C36361C83F0D100DA58A1 /* Build configuration list for PBXProject "AppStore" */;
			compatibilityVersion = "Xcode 3.2";
			developmentRegion = English;
			hasScannedForEncodings = 0;
			knownRegions = (
				en,
				Base,
			);
			mainGroup = 403C36321C83F0D100DA58A1;
			productRefGroup = 403C363C1C83F0D100DA58A1 /* Products */;
			projectDirPath = "";
			projectRoot = "";
			targets = (
				403C363A1C83F0D100DA58A1 /* AppStore */,
				403C364E1C83F0D100DA58A1 /* AppStoreTests */,
				403C36591C83F0D100DA58A1 /* AppStoreUITests */,
			);
		};
/* End PBXProject section */

/* Begin PBXResourcesBuildPhase section */
		403C36391C83F0D100DA58A1 /* Resources */ = {
			isa = PBXResourcesBuildPhase;
			buildActionMask = 2147483647;
			files = (
				403C36491C83F0D100DA58A1 /* LaunchScreen.storyboard in Resources */,
				403C36461C83F0D100DA58A1 /* Assets.xcassets in Resources */,
				403C36441C83F0D100DA58A1 /* Main.storyboard in Resources */,
			);
			runOnlyForDeploymentPostprocessing = 0;
		};
		403C364D1C83F0D100DA58A1 /* Resources */ = {
			isa = PBXResourcesBuildPhase;
			buildActionMask = 2147483647;
			files = (
			);
			runOnlyForDeploymentPostprocessing = 0;
		};
		403C36581C83F0D100DA58A1 /* Resources */ = {
			isa = PBXResourcesBuildPhase;
			buildActionMask = 2147483647;
			files = (
			);
			runOnlyForDeploymentPostprocessing = 0;
		};
/* End PBXResourcesBuildPhase section */

/* Begin PBXSourcesBuildPhase section */
		403C36371C83F0D100DA58A1 /* Sources */ = {
			isa = PBXSourcesBuildPhase;
			buildActionMask = 2147483647;
			files = (
				403C36411C83F0D100DA58A1 /* ViewController.swift in Sources */,
				403C363F1C83F0D100DA58A1 /* AppDelegate.swift in Sources */,
			);
			runOnlyForDeploymentPostprocessing = 0;
		};
		403C364B1C83F0D100DA58A1 /* Sources */ = {
			isa = PBXSourcesBuildPhase;
			buildActionMask = 2147483647;
			files = (
				403C36541C83F0D100DA58A1 /* AppStoreTests.swift in Sources */,
			);
			runOnlyForDeploymentPostprocessing = 0;
		};
		403C36561C83F0D100DA58A1 /* Sources */ = {
			isa = PBXSourcesBuildPhase;
			buildActionMask = 2147483647;
			files = (
				403C365F1C83F0D100DA58A1 /* AppStoreUITests.swift in Sources */,
			);
			runOnlyForDeploymentPostprocessing = 0;
		};
/* End PBXSourcesBuildPhase section */

/* Begin PBXTargetDependency section */
		403C36511C83F0D100DA58A1 /* PBXTargetDependency */ = {
			isa = PBXTargetDependency;
			target = 403C363A1C83F0D100DA58A1 /* AppStore */;
			targetProxy = 403C36501C83F0D100DA58A1 /* PBXContainerItemProxy */;
		};
		403C365C1C83F0D100DA58A1 /* PBXTargetDependency */ = {
			isa = PBXTargetDependency;
			target = 403C363A1C83F0D100DA58A1 /* AppStore */;
			targetProxy = 403C365B1C83F0D100DA58A1 /* PBXContainerItemProxy */;
		};
/* End PBXTargetDependency section */

/* Begin PBXVariantGroup section */
		403C36421C83F0D100DA58A1 /* Main.storyboard */ = {
			isa = PBXVariantGroup;
			children = (
				403C36431C83F0D100DA58A1 /* Base */,
			);
			name = Main.storyboard;
			sourceTree = "<group>";
		};
		403C36471C83F0D100DA58A1 /* LaunchScreen.storyboard */ = {
			isa = PBXVariantGroup;
			children = (
				403C36481C83F0D100DA58A1 /* Base */,
			);
			name = LaunchScreen.storyboard;
			sourceTree = "<group>";
		};
/* End PBXVariantGroup section */

/* Begin XCBuildConfiguration section */
		403C36611C83F0D100DA58A1 /* Debug */ = {
			isa = XCBuildConfiguration;
			buildSettings = {
				ALWAYS_SEARCH_USER_PATHS = NO;
				CLANG_CXX_LANGUAGE_STANDARD = "gnu++0x";
				CLANG_CXX_LIBRARY = "libc++";
				CLANG_ENABLE_MODULES = YES;
				CLANG_ENABLE_OBJC_ARC = YES;
				CLANG_WARN_BOOL_CONVERSION = YES;
				CLANG_WARN_CONSTANT_CONVERSION = YES;
				CLANG_WARN_DIRECT_OBJC_ISA_USAGE = YES_ERROR;
				CLANG_WARN_EMPTY_BODY = YES;
				CLANG_WARN_ENUM_CONVERSION = YES;
				CLANG_WARN_INT_CONVERSION = YES;
				CLANG_WARN_OBJC_ROOT_CLASS = YES_ERROR;
				CLANG_WARN_UNREACHABLE_CODE = YES;
				CLANG_WARN__DUPLICATE_METHOD_MATCH = YES;
				"CODE_SIGN_IDENTITY[sdk=iphoneos*]" = "iPhone Developer";
				COPY_PHASE_STRIP = NO;
				DEBUG_INFORMATION_FORMAT = dwarf;
				ENABLE_STRICT_OBJC_MSGSEND = YES;
				ENABLE_TESTABILITY = YES;
				GCC_C_LANGUAGE_STANDARD = gnu99;
				GCC_DYNAMIC_NO_PIC = NO;
				GCC_NO_COMMON_BLOCKS = YES;
				GCC_OPTIMIZATION_LEVEL = 0;
				GCC_PREPROCESSOR_DEFINITIONS = (
					"DEBUG=1",
					"$(inherited)",
				);
				GCC_WARN_64_TO_32_BIT_CONVERSION = YES;
				GCC_WARN_ABOUT_RETURN_TYPE = YES_ERROR;
				GCC_WARN_UNDECLARED_SELECTOR = YES;
				GCC_WARN_UNINITIALIZED_AUTOS = YES_AGGRESSIVE;
				GCC_WARN_UNUSED_FUNCTION = YES;
				GCC_WARN_UNUSED_VARIABLE = YES;
				IPHONEOS_DEPLOYMENT_TARGET = 9.2;
				MTL_ENABLE_DEBUG_INFO = YES;
				ONLY_ACTIVE_ARCH = YES;
				SDKROOT = iphoneos;
				SWIFT_OPTIMIZATION_LEVEL = "-Onone";
				TARGETED_DEVICE_FAMILY = "1,2";
			};
			name = Debug;
		};
		403C36621C83F0D100DA58A1 /* Release */ = {
			isa = XCBuildConfiguration;
			buildSettings = {
				ALWAYS_SEARCH_USER_PATHS = NO;
				CLANG_CXX_LANGUAGE_STANDARD = "gnu++0x";
				CLANG_CXX_LIBRARY = "libc++";
				CLANG_ENABLE_MODULES = YES;
				CLANG_ENABLE_OBJC_ARC = YES;
				CLANG_WARN_BOOL_CONVERSION = YES;
				CLANG_WARN_CONSTANT_CONVERSION = YES;
				CLANG_WARN_DIRECT_OBJC_ISA_USAGE = YES_ERROR;
				CLANG_WARN_EMPTY_BODY = YES;
				CLANG_WARN_ENUM_CONVERSION = YES;
				CLANG_WARN_INT_CONVERSION = YES;
				CLANG_WARN_OBJC_ROOT_CLASS = YES_ERROR;
				CLANG_WARN_UNREACHABLE_CODE = YES;
				CLANG_WARN__DUPLICATE_METHOD_MATCH = YES;
				"CODE_SIGN_IDENTITY[sdk=iphoneos*]" = "iPhone Developer";
				COPY_PHASE_STRIP = NO;
				DEBUG_INFORMATION_FORMAT = "dwarf-with-dsym";
				ENABLE_NS_ASSERTIONS = NO;
				ENABLE_STRICT_OBJC_MSGSEND = YES;
				GCC_C_LANGUAGE_STANDARD = gnu99;
				GCC_NO_COMMON_BLOCKS = YES;
				GCC_WARN_64_TO_32_BIT_CONVERSION = YES;
				GCC_WARN_ABOUT_RETURN_TYPE = YES_ERROR;
				GCC_WARN_UNDECLARED_SELECTOR = YES;
				GCC_WARN_UNINITIALIZED_AUTOS = YES_AGGRESSIVE;
				GCC_WARN_UNUSED_FUNCTION = YES;
				GCC_WARN_UNUSED_VARIABLE = YES;
				IPHONEOS_DEPLOYMENT_TARGET = 9.2;
				MTL_ENABLE_DEBUG_INFO = NO;
				SDKROOT = iphoneos;
				TARGETED_DEVICE_FAMILY = "1,2";
				VALIDATE_PRODUCT = YES;
			};
			name = Release;
		};
		403C36641C83F0D100DA58A1 /* Debug */ = {
			isa = XCBuildConfiguration;
			buildSettings = {
				ASSETCATALOG_COMPILER_APPICON_NAME = AppIcon;
				INFOPLIST_FILE = AppStore/Info.plist;
				LD_RUNPATH_SEARCH_PATHS = "$(inherited) @executable_path/Frameworks";
				PRODUCT_BUNDLE_IDENTIFIER = com.zangqilong.AppStore;
				PRODUCT_NAME = "$(TARGET_NAME)";
			};
			name = Debug;
		};
		403C36651C83F0D100DA58A1 /* Release */ = {
			isa = XCBuildConfiguration;
			buildSettings = {
				ASSETCATALOG_COMPILER_APPICON_NAME = AppIcon;
				INFOPLIST_FILE = AppStore/Info.plist;
				LD_RUNPATH_SEARCH_PATHS = "$(inherited) @executable_path/Frameworks";
				PRODUCT_BUNDLE_IDENTIFIER = com.zangqilong.AppStore;
				PRODUCT_NAME = "$(TARGET_NAME)";
			};
			name = Release;
		};
		403C36671C83F0D100DA58A1 /* Debug */ = {
			isa = XCBuildConfiguration;
			buildSettings = {
				BUNDLE_LOADER = "$(TEST_HOST)";
				INFOPLIST_FILE = AppStoreTests/Info.plist;
				LD_RUNPATH_SEARCH_PATHS = "$(inherited) @executable_path/Frameworks @loader_path/Frameworks";
				PRODUCT_BUNDLE_IDENTIFIER = com.zangqilong.AppStoreTests;
				PRODUCT_NAME = "$(TARGET_NAME)";
				TEST_HOST = "$(BUILT_PRODUCTS_DIR)/AppStore.app/AppStore";
			};
			name = Debug;
		};
		403C36681C83F0D100DA58A1 /* Release */ = {
			isa = XCBuildConfiguration;
			buildSettings = {
				BUNDLE_LOADER = "$(TEST_HOST)";
				INFOPLIST_FILE = AppStoreTests/Info.plist;
				LD_RUNPATH_SEARCH_PATHS = "$(inherited) @executable_path/Frameworks @loader_path/Frameworks";
				PRODUCT_BUNDLE_IDENTIFIER = com.zangqilong.AppStoreTests;
				PRODUCT_NAME = "$(TARGET_NAME)";
				TEST_HOST = "$(BUILT_PRODUCTS_DIR)/AppStore.app/AppStore";
			};
			name = Release;
		};
		403C366A1C83F0D100DA58A1 /* Debug */ = {
			isa = XCBuildConfiguration;
			buildSettings = {
				INFOPLIST_FILE = AppStoreUITests/Info.plist;
				LD_RUNPATH_SEARCH_PATHS = "$(inherited) @executable_path/Frameworks @loader_path/Frameworks";
				PRODUCT_BUNDLE_IDENTIFIER = com.zangqilong.AppStoreUITests;
				PRODUCT_NAME = "$(TARGET_NAME)";
				TEST_TARGET_NAME = AppStore;
				USES_XCTRUNNER = YES;
			};
			name = Debug;
		};
		403C366B1C83F0D100DA58A1 /* Release */ = {
			isa = XCBuildConfiguration;
			buildSettings = {
				INFOPLIST_FILE = AppStoreUITests/Info.plist;
				LD_RUNPATH_SEARCH_PATHS = "$(inherited) @executable_path/Frameworks @loader_path/Frameworks";
				PRODUCT_BUNDLE_IDENTIFIER = com.zangqilong.AppStoreUITests;
				PRODUCT_NAME = "$(TARGET_NAME)";
				TEST_TARGET_NAME = AppStore;
				USES_XCTRUNNER = YES;
			};
			name = Release;
		};
/* End XCBuildConfiguration section */

/* Begin XCConfigurationList section */
		403C36361C83F0D100DA58A1 /* Build configuration list for PBXProject "AppStore" */ = {
			isa = XCConfigurationList;
			buildConfigurations = (
				403C36611C83F0D100DA58A1 /* Debug */,
				403C36621C83F0D100DA58A1 /* Release */,
			);
			defaultConfigurationIsVisible = 0;
			defaultConfigurationName = Release;
		};
		403C36631C83F0D100DA58A1 /* Build configuration list for PBXNativeTarget "AppStore" */ = {
			isa = XCConfigurationList;
			buildConfigurations = (
				403C36641C83F0D100DA58A1 /* Debug */,
				403C36651C83F0D100DA58A1 /* Release */,
			);
			defaultConfigurationIsVisible = 0;
		};
		403C36661C83F0D100DA58A1 /* Build configuration list for PBXNativeTarget "AppStoreTests" */ = {
			isa = XCConfigurationList;
			buildConfigurations = (
				403C36671C83F0D100DA58A1 /* Debug */,
				403C36681C83F0D100DA58A1 /* Release */,
			);
			defaultConfigurationIsVisible = 0;
		};
		403C36691C83F0D100DA58A1 /* Build configuration list for PBXNativeTarget "AppStoreUITests" */ = {
			isa = XCConfigurationList;
			buildConfigurations = (
				403C366A1C83F0D100DA58A1 /* Debug */,
				403C366B1C83F0D100DA58A1 /* Release */,
			);
			defaultConfigurationIsVisible = 0;
		};
/* End XCConfigurationList section */
	};
	rootObject = 403C36331C83F0D100DA58A1 /* Project object */;
}
